hash: 8f330d246a11618443cba60d9cc173dcae8110a14e607523fc53ca0a03be62ad
updated: 2019-06-13T10:34:52.209923+08:00
imports:
- name: github.com/gin-gonic/gin
  version: b869fe1415e4b9eb52f247441830d502aece2d4d
- name: github.com/urfave/cli
  version: cfb38830724cc34fedffe9a2a29fb54fa9169cd1
testImports: []
